
Microsoft Visual Studio Solution File, Format Version 12.00
# Visual Studio Version 16
VisualStudioVersion = 16.0.29411.138
MinimumVisualStudioVersion = 10.0.40219.1
Project("{FAE04EC0-301F-11D3-BF4B-00C04F79EFBC}") = "TrainDespetcher", "TrainDespetcher.csproj", "{D97FCFE5-FD7F-444B-B547-739DC47415EF}"
EndProject
Global
	GlobalSection(SolutionConfigurationPlatforms) = preSolution
		Debug|Any CPU = Debug|Any CPU
		Release|Any CPU = Release|Any CPU
	EndGlobalSection
	GlobalSection(ProjectConfigurationPlatforms) = postSolution
		{D97FCFE5-FD7F-444B-B547-739DC47415EF}.Debug|Any CPU.ActiveCfg = Debug|Any CPU
		{D97FCFE5-FD7F-444B-B547-739DC47415EF}.Debug|Any CPU.Build.0 = Debug|Any CPU
		{D97FCFE5-FD7F-444B-B547-739DC47415EF}.Release|Any CPU.ActiveCfg = Release|Any CPU
		{D97FCFE5-FD7F-444B-B547-739DC47415EF}.Release|Any CPU.Build.0 = Release|Any CPU
	EndGlobalSection
	GlobalSection(SolutionProperties) = preSolution
		HideSolutionNode = FALSE
	EndGlobalSection
	GlobalSection(ExtensibilityGlobals) = postSolution
		SolutionGuid = {5E2B44C7-B947-42BD-BEB5-BC3C7D56DFB7}
	EndGlobalSection
EndGlobal
